
Microsoft Visual Studio Solution File, Format Version 12.00
# Visual Studio Version 17
VisualStudioVersion = 17.10.35013.160
MinimumVisualStudioVersion = 10.0.40219.1
Project("{FAE04EC0-301F-11D3-BF4B-00C04F79EFBC}") = "StudentWebApi", "StudentWebApi\StudentWebApi.csproj", "{C97D2F4D-CB11-4228-97EC-B5536E27CBF1}"
EndProject
Project("{FAE04EC0-301F-11D3-BF4B-00C04F79EFBC}") = "MVCClient", "MVCClient\MVCClient.csproj", "{BE3ABF78-ADD8-4BD1-B07B-4FE42CA0A6F3}"
EndProject
Global
	GlobalSection(SolutionConfigurationPlatforms) = preSolution
		Debug|Any CPU = Debug|Any CPU
		Release|Any CPU = Release|Any CPU
	EndGlobalSection
	GlobalSection(ProjectConfigurationPlatforms) = postSolution
		{C97D2F4D-CB11-4228-97EC-B5536E27CBF1}.Debug|Any CPU.ActiveCfg = Debug|Any CPU
		{C97D2F4D-CB11-4228-97EC-B5536E27CBF1}.Debug|Any CPU.Build.0 = Debug|Any CPU
		{C97D2F4D-CB11-4228-97EC-B5536E27CBF1}.Release|Any CPU.ActiveCfg = Release|Any CPU
		{C97D2F4D-CB11-4228-97EC-B5536E27CBF1}.Release|Any CPU.Build.0 = Release|Any CPU
		{BE3ABF78-ADD8-4BD1-B07B-4FE42CA0A6F3}.Debug|Any CPU.ActiveCfg = Debug|Any CPU
		{BE3ABF78-ADD8-4BD1-B07B-4FE42CA0A6F3}.Debug|Any CPU.Build.0 = Debug|Any CPU
		{BE3ABF78-ADD8-4BD1-B07B-4FE42CA0A6F3}.Release|Any CPU.ActiveCfg = Release|Any CPU
		{BE3ABF78-ADD8-4BD1-B07B-4FE42CA0A6F3}.Release|Any CPU.Build.0 = Release|Any CPU
	EndGlobalSection
	GlobalSection(SolutionProperties) = preSolution
		HideSolutionNode = FALSE
	EndGlobalSection
	GlobalSection(ExtensibilityGlobals) = postSolution
		SolutionGuid = {A24B4CA4-8B1F-4797-91A9-4480A72F49B7}
	EndGlobalSection
EndGlobal
